
Microsoft Visual Studio Solution File, Format Version 12.00
# Visual Studio Version 17
VisualStudioVersion = 17.5.002.0
MinimumVisualStudioVersion = 10.0.40219.1
Project("{9A19103F-16F7-4668-BE54-9A1E7A4F7556}") = "DiceRollGame", "DiceRollGame.csproj", "{D91B0069-6506-4D1B-9CBB-F19465C55794}"
EndProject
Global
	GlobalSection(SolutionConfigurationPlatforms) = preSolution
		Debug|Any CPU = Debug|Any CPU
		Release|Any CPU = Release|Any CPU
	EndGlobalSection
	GlobalSection(ProjectConfigurationPlatforms) = postSolution
		{D91B0069-6506-4D1B-9CBB-F19465C55794}.Debug|Any CPU.ActiveCfg = Debug|Any CPU
		{D91B0069-6506-4D1B-9CBB-F19465C55794}.Debug|Any CPU.Build.0 = Debug|Any CPU
		{D91B0069-6506-4D1B-9CBB-F19465C55794}.Release|Any CPU.ActiveCfg = Release|Any CPU
		{D91B0069-6506-4D1B-9CBB-F19465C55794}.Release|Any CPU.Build.0 = Release|Any CPU
	EndGlobalSection
	GlobalSection(SolutionProperties) = preSolution
		HideSolutionNode = FALSE
	EndGlobalSection
	GlobalSection(ExtensibilityGlobals) = postSolution
		SolutionGuid = {05AB9176-07E8-4C0A-8991-4BDAD82DBC61}
	EndGlobalSection
EndGlobal
